
Microsoft Visual Studio Solution File, Format Version 12.00
# Visual Studio 15
VisualStudioVersion = 15.0.27004.2006
MinimumVisualStudioVersion = 10.0.40219.1
Project("{9A19103F-16F7-4668-BE54-9A1E7A4F7556}") = "DevUa.TravelpayoutsNet.TicketsCacheApi", "DevUa.TravelpayoutsNet.TicketsCacheApi\DevUa.TravelpayoutsNet.TicketsCacheApi.csproj", "{03C501F0-51FD-4774-AAEE-1F4B3BCD2887}"
EndProject
Project("{2150E333-8FDC-42A3-9474-1A3956D46DE8}") = "Source", "Source", "{BC32E5A1-9F28-450D-9BA5-003F9A4FA86B}"
EndProject
Project("{2150E333-8FDC-42A3-9474-1A3956D46DE8}") = "Tests", "Tests", "{7EC15BD6-A28D-4753-98FC-F699CBBD69CF}"
EndProject
Project("{9A19103F-16F7-4668-BE54-9A1E7A4F7556}") = "DevUa.TravelpayoutsNet.TicketsCacheApi.Tests", "DevUa.TravelpayoutsNet.TicketsCacheApi.Tests\DevUa.TravelpayoutsNet.TicketsCacheApi.Tests.csproj", "{E6CAD072-BDA2-4326-9B09-DDCD88B20B82}"
EndProject
Global
	GlobalSection(SolutionConfigurationPlatforms) = preSolution
		Debug|Any CPU = Debug|Any CPU
		Release|Any CPU = Release|Any CPU
	EndGlobalSection
	GlobalSection(ProjectConfigurationPlatforms) = postSolution
		{03C501F0-51FD-4774-AAEE-1F4B3BCD2887}.Debug|Any CPU.ActiveCfg = Debug|Any CPU
		{03C501F0-51FD-4774-AAEE-1F4B3BCD2887}.Debug|Any CPU.Build.0 = Debug|Any CPU
		{03C501F0-51FD-4774-AAEE-1F4B3BCD2887}.Release|Any CPU.ActiveCfg = Release|Any CPU
		{03C501F0-51FD-4774-AAEE-1F4B3BCD2887}.Release|Any CPU.Build.0 = Release|Any CPU
		{E6CAD072-BDA2-4326-9B09-DDCD88B20B82}.Debug|Any CPU.ActiveCfg = Debug|Any CPU
		{E6CAD072-BDA2-4326-9B09-DDCD88B20B82}.Debug|Any CPU.Build.0 = Debug|Any CPU
		{E6CAD072-BDA2-4326-9B09-DDCD88B20B82}.Release|Any CPU.ActiveCfg = Release|Any CPU
		{E6CAD072-BDA2-4326-9B09-DDCD88B20B82}.Release|Any CPU.Build.0 = Release|Any CPU
	EndGlobalSection
	GlobalSection(SolutionProperties) = preSolution
		HideSolutionNode = FALSE
	EndGlobalSection
	GlobalSection(NestedProjects) = preSolution
		{03C501F0-51FD-4774-AAEE-1F4B3BCD2887} = {BC32E5A1-9F28-450D-9BA5-003F9A4FA86B}
		{E6CAD072-BDA2-4326-9B09-DDCD88B20B82} = {7EC15BD6-A28D-4753-98FC-F699CBBD69CF}
	EndGlobalSection
	GlobalSection(ExtensibilityGlobals) = postSolution
		SolutionGuid = {1F878325-A652-488F-B5E3-854F1CD93765}
	EndGlobalSection
EndGlobal
